<?xml version="1.0" encoding="utf-8"?>
<Project ToolsVersion="4.0" xmlns="http://schemas.microsoft.com/developer/msbuild/2003">
  <ItemGroup>
    <Filter Include="Source Files">
      <UniqueIdentifier>{4FC737F1-C7A5-4376-A066-2A32D752A2FF}</UniqueIdentifier>
      <Extensions>cpp;c;cc;cxx;c++;cppm;ixx;def;odl;idl;hpj;bat;asm;asmx</Extensions>
    </Filter>
    <Filter Include="Header Files">
      <UniqueIdentifier>{93995380-89BD-4b04-88EB-625FBE52EBFB}</UniqueIdentifier>
      <Extensions>h;hh;hpp;hxx;h++;hm;inl;inc;ipp;xsd</Extensions>
    </Filter>
    <Filter Include="Resource Files">
      <UniqueIdentifier>{67DA6AB6-F800-4c08-8B7A-83BB121AAD01}</UniqueIdentifier>
      <Extensions>rc;ico;cur;bmp;dlg;rc2;rct;bin;rgs;gif;jpg;jpeg;jpe;resx;tiff;tif;png;wav;mfcribbon-ms</Extensions>
    </Filter>
    <Filter Include="Header Files\Components">
      <UniqueIdentifier>{202f5dc7-1234-43ad-9ed8-a642cbee3c0b}</UniqueIdentifier>
    </Filter>
    <Filter Include="Header Files\Components\Base">
      <UniqueIdentifier>{3c84fc0f-4756-4832-881c-ca53e2a25c46}</UniqueIdentifier>
    </Filter>
  </ItemGroup>
  <ItemGroup>
    <ClCompile Include="UI Framework.cpp">
      <Filter>Source Files</Filter>
    </ClCompile>
    <ClCompile Include="App.cpp">
      <Filter>Source Files</Filter>
    </ClCompile>
    <ClCompile Include="Components\Base\Button.cpp">
      <Filter>Source Files</Filter>
    </ClCompile>
    <ClCompile Include="Components\Base\Checkbox.cpp">
      <Filter>Source Files</Filter>
    </ClCompile>
    <ClCompile Include="Components\Base\ComponentBase.cpp">
      <Filter>Source Files</Filter>
    </ClCompile>
    <ClCompile Include="Components\Base\DirectionalPanel.cpp">
      <Filter>Source Files</Filter>
    </ClCompile>
    <ClCompile Include="Components\Base\Label.cpp">
      <Filter>Source Files</Filter>
    </ClCompile>
    <ClCompile Include="Components\Base\MenuPanel.cpp">
      <Filter>Source Files</Filter>
    </ClCompile>
    <ClCompile Include="Components\Base\TextInput.cpp">
      <Filter>Source Files</Filter>
    </ClCompile>
    <ClCompile Include="Window\DisplayWindow.cpp">
      <Filter>Source Files</Filter>
    </ClCompile>
    <ClCompile Include="Helper\ResourceManager.cpp">
      <Filter>Source Files</Filter>
    </ClCompile>
    <ClCompile Include="Scenes\Scene.cpp">
      <Filter>Source Files</Filter>
    </ClCompile>
    <ClCompile Include="Scenes\EntryScene.cpp">
      <Filter>Source Files</Filter>
    </ClCompile>
    <ClCompile Include="Helper\Time.cpp">
      <Filter>Source Files</Filter>
    </ClCompile>
    <ClCompile Include="Helper\StringHelper.cpp">
      <Filter>Source Files</Filter>
    </ClCompile>
    <ClCompile Include="D2DEffects\TintEffect.cpp">
      <Filter>Source Files</Filter>
    </ClCompile>
    <ClCompile Include="Window\WindowBackend.cpp">
      <Filter>Source Files</Filter>
    </ClCompile>
    <ClCompile Include="Window\Window.cpp">
      <Filter>Source Files</Filter>
    </ClCompile>
    <ClCompile Include="Scenes\DefaultTitleBarScene.cpp">
      <Filter>Source Files</Filter>
    </ClCompile>
    <ClCompile Include="Scenes\DefaultNonClientAreaScene.cpp">
      <Filter>Source Files</Filter>
    </ClCompile>
    <ClCompile Include="Window\WindowGraphics.cpp">
      <Filter>Source Files</Filter>
    </ClCompile>
    <ClCompile Include="Scenes\TestScene.cpp">
      <Filter>Source Files</Filter>
    </ClCompile>
    <ClCompile Include="Scenes\ContextMenuScene.cpp">
      <Filter>Source Files</Filter>
    </ClCompile>
  </ItemGroup>
  <ItemGroup>
    <ClInclude Include="App.h">
      <Filter>Header Files</Filter>
    </ClInclude>
    <ClInclude Include="Components\Base\Button.h">
      <Filter>Header Files</Filter>
    </ClInclude>
    <ClInclude Include="Components\Base\Canvas.h">
      <Filter>Header Files</Filter>
    </ClInclude>
    <ClInclude Include="Components\Base\Checkbox.h">
      <Filter>Header Files</Filter>
    </ClInclude>
    <ClInclude Include="Components\Base\ComponentBase.h">
      <Filter>Header Files</Filter>
    </ClInclude>
    <ClInclude Include="Components\Base\DirectionalPanel.h">
      <Filter>Header Files</Filter>
    </ClInclude>
    <ClInclude Include="Components\Base\EmptyPanel.h">
      <Filter>Header Files</Filter>
    </ClInclude>
    <ClInclude Include="Components\Base\Image.h">
      <Filter>Header Files</Filter>
    </ClInclude>
    <ClInclude Include="Components\Base\Label.h">
      <Filter>Header Files</Filter>
    </ClInclude>
    <ClInclude Include="Components\Base\MenuItem.h">
      <Filter>Header Files</Filter>
    </ClInclude>
    <ClInclude Include="Components\Base\MenuPanel.h">
      <Filter>Header Files</Filter>
    </ClInclude>
    <ClInclude Include="Components\Base\NumberInput.h">
      <Filter>Header Files</Filter>
    </ClInclude>
    <ClInclude Include="Components\Base\Panel.h">
      <Filter>Header Files</Filter>
    </ClInclude>
    <ClInclude Include="Components\Base\TextInput.h">
      <Filter>Header Files</Filter>
    </ClInclude>
    <ClInclude Include="Components\ComHelper.h">
      <Filter>Header Files</Filter>
    </ClInclude>
    <ClInclude Include="Window\DisplayWindow.h">
      <Filter>Header Files</Filter>
    </ClInclude>
    <ClInclude Include="Window\DragDropEventHandler.h">
      <Filter>Header Files</Filter>
    </ClInclude>
    <ClInclude Include="Window\KeyboardEventHandler.h">
      <Filter>Header Files</Filter>
    </ClInclude>
    <ClInclude Include="Window\KeyboardManager.h">
      <Filter>Header Files</Filter>
    </ClInclude>
    <ClInclude Include="Window\MouseEventHandler.h">
      <Filter>Header Files</Filter>
    </ClInclude>
    <ClInclude Include="Window\MouseManager.h">
      <Filter>Header Files</Filter>
    </ClInclude>
    <ClInclude Include="Helper\ResourceManager.h">
      <Filter>Header Files</Filter>
    </ClInclude>
    <ClInclude Include="Window\Graphics.h">
      <Filter>Header Files</Filter>
    </ClInclude>
    <ClInclude Include="Scenes\Scene.h">
      <Filter>Header Files</Filter>
    </ClInclude>
    <ClInclude Include="Helper\EventEmitter.h">
      <Filter>Header Files</Filter>
    </ClInclude>
    <ClInclude Include="Scenes\EntryScene.h">
      <Filter>Header Files</Filter>
    </ClInclude>
    <ClInclude Include="Helper\Time.h">
      <Filter>Header Files</Filter>
    </ClInclude>
    <ClInclude Include="Helper\StringHelper.h">
      <Filter>Header Files</Filter>
    </ClInclude>
    <ClInclude Include="Window\WindowsEx.h">
      <Filter>Header Files</Filter>
    </ClInclude>
    <ClInclude Include="D2DEffects\TintEffect.h">
      <Filter>Header Files</Filter>
    </ClInclude>
    <ClInclude Include="Helper\decimal.h">
      <Filter>Header Files</Filter>
    </ClInclude>
    <ClInclude Include="Window\GdiInclude.h">
      <Filter>Header Files</Filter>
    </ClInclude>
    <ClInclude Include="Window\Window.h">
      <Filter>Header Files</Filter>
    </ClInclude>
    <ClInclude Include="Window\WindowBackend.h">
      <Filter>Header Files</Filter>
    </ClInclude>
    <ClInclude Include="Window\FileDropHandler.h">
      <Filter>Header Files</Filter>
    </ClInclude>
    <ClInclude Include="Scenes\DefaultTitleBarScene.h">
      <Filter>Header Files</Filter>
    </ClInclude>
    <ClInclude Include="Scenes\DefaultNonClientAreaScene.h">
      <Filter>Header Files</Filter>
    </ClInclude>
    <ClInclude Include="Window\WindowGraphics.h">
      <Filter>Header Files</Filter>
    </ClInclude>
    <ClInclude Include="Window\WindowProperties.h">
      <Filter>Header Files</Filter>
    </ClInclude>
    <ClInclude Include="Components\Custom\DitheredBackground.h">
      <Filter>Header Files</Filter>
    </ClInclude>
    <ClInclude Include="Window\WindowMessage.h">
      <Filter>Header Files</Filter>
    </ClInclude>
    <ClInclude Include="Window\CursorIcon.h">
      <Filter>Header Files</Filter>
    </ClInclude>
    <ClInclude Include="Scenes\TestScene.h">
      <Filter>Header Files</Filter>
    </ClInclude>
    <ClInclude Include="Window\WindowId.h">
      <Filter>Header Files</Filter>
    </ClInclude>
    <ClInclude Include="Helper\Handle.h">
      <Filter>Header Files</Filter>
    </ClInclude>
    <ClInclude Include="Window\WindowType.h">
      <Filter>Header Files</Filter>
    </ClInclude>
    <ClInclude Include="Helper\EventSubscription.h">
      <Filter>Header Files</Filter>
    </ClInclude>
    <ClInclude Include="Components\Base\MenuTemplate.h">
      <Filter>Header Files</Filter>
    </ClInclude>
    <ClInclude Include="Scenes\ContextMenuScene.h">
      <Filter>Header Files</Filter>
    </ClInclude>
    <ClInclude Include="Helper\MiscUtils.h">
      <Filter>Header Files</Filter>
    </ClInclude>
    <ClInclude Include="Window\WindowDisplayType.h">
      <Filter>Header Files</Filter>
    </ClInclude>
  </ItemGroup>
  <ItemGroup>
    <None Include="TintEffect.cso" />
  </ItemGroup>
  <ItemGroup>
    <FxCompile Include="D2DEffects\TintEffect.hlsl" />
  </ItemGroup>
</Project>